
Microsoft Visual Studio Solution File, Format Version 12.00
# Visual Studio Version 16
VisualStudioVersion = 16.0.32413.511
MinimumVisualStudioVersion = 10.0.40219.1
Project("{FAE04EC0-301F-11D3-BF4B-00C04F79EFBC}") = "App02_TipoPaginaXF.UWP", "App02_TipoPaginaXF\App02_TipoPaginaXF.UWP\App02_TipoPaginaXF.UWP.csproj", "{D40E41E1-CCC5-4B3A-B465-41A49B4E598B}"
EndProject
Project("{FAE04EC0-301F-11D3-BF4B-00C04F79EFBC}") = "App02_TipoPaginaXF.Android", "App02_TipoPaginaXF\App02_TipoPaginaXF.Android\App02_TipoPaginaXF.Android.csproj", "{D03336B8-03B1-42BE-88E0-7BC26E63C369}"
EndProject
Project("{FAE04EC0-301F-11D3-BF4B-00C04F79EFBC}") = "App02_TipoPaginaXF.iOS", "App02_TipoPaginaXF\App02_TipoPaginaXF.iOS\App02_TipoPaginaXF.iOS.csproj", "{2C59B351-BF50-498B-B096-E76462D2CF51}"
EndProject
Project("{FAE04EC0-301F-11D3-BF4B-00C04F79EFBC}") = "App02_TipoPaginaXF", "App02_TipoPaginaXF\App02_TipoPaginaXF\App02_TipoPaginaXF.csproj", "{C580C3AC-B5DA-4211-9A7F-1DA02F5E820D}"
EndProject
Global
	GlobalSection(SolutionConfigurationPlatforms) = preSolution
		Debug|Any CPU = Debug|Any CPU
		Debug|ARM = Debug|ARM
		Debug|iPhone = Debug|iPhone
		Debug|iPhoneSimulator = Debug|iPhoneSimulator
		Debug|x64 = Debug|x64
		Debug|x86 = Debug|x86
		Release|Any CPU = Release|Any CPU
		Release|ARM = Release|ARM
		Release|iPhone = Release|iPhone
		Release|iPhoneSimulator = Release|iPhoneSimulator
		Release|x64 = Release|x64
		Release|x86 = Release|x86
	EndGlobalSection
	GlobalSection(ProjectConfigurationPlatforms) = postSolution
		{D40E41E1-CCC5-4B3A-B465-41A49B4E598B}.Debug|Any CPU.ActiveCfg = Debug|x86
		{D40E41E1-CCC5-4B3A-B465-41A49B4E598B}.Debug|Any CPU.Build.0 = Debug|x86
		{D40E41E1-CCC5-4B3A-B465-41A49B4E598B}.Debug|Any CPU.Deploy.0 = Debug|x86
		{D40E41E1-CCC5-4B3A-B465-41A49B4E598B}.Debug|ARM.ActiveCfg = Debug|ARM
		{D40E41E1-CCC5-4B3A-B465-41A49B4E598B}.Debug|ARM.Build.0 = Debug|ARM
		{D40E41E1-CCC5-4B3A-B465-41A49B4E598B}.Debug|ARM.Deploy.0 = Debug|ARM
		{D40E41E1-CCC5-4B3A-B465-41A49B4E598B}.Debug|iPhone.ActiveCfg = Debug|x86
		{D40E41E1-CCC5-4B3A-B465-41A49B4E598B}.Debug|iPhone.Build.0 = Debug|x86
		{D40E41E1-CCC5-4B3A-B465-41A49B4E598B}.Debug|iPhone.Deploy.0 = Debug|x86
		{D40E41E1-CCC5-4B3A-B465-41A49B4E598B}.Debug|iPhoneSimulator.ActiveCfg = Debug|x86
		{D40E41E1-CCC5-4B3A-B465-41A49B4E598B}.Debug|iPhoneSimulator.Build.0 = Debug|x86
		{D40E41E1-CCC5-4B3A-B465-41A49B4E598B}.Debug|iPhoneSimulator.Deploy.0 = Debug|x86
		{D40E41E1-CCC5-4B3A-B465-41A49B4E598B}.Debug|x64.ActiveCfg = Debug|x64
		{D40E41E1-CCC5-4B3A-B465-41A49B4E598B}.Debug|x64.Build.0 = Debug|x64
		{D40E41E1-CCC5-4B3A-B465-41A49B4E598B}.Debug|x64.Deploy.0 = Debug|x64
		{D40E41E1-CCC5-4B3A-B465-41A49B4E598B}.Debug|x86.ActiveCfg = Debug|x86
		{D40E41E1-CCC5-4B3A-B465-41A49B4E598B}.Debug|x86.Build.0 = Debug|x86
		{D40E41E1-CCC5-4B3A-B465-41A49B4E598B}.Debug|x86.Deploy.0 = Debug|x86
		{D40E41E1-CCC5-4B3A-B465-41A49B4E598B}.Release|Any CPU.ActiveCfg = Release|x86
		{D40E41E1-CCC5-4B3A-B465-41A49B4E598B}.Release|Any CPU.Build.0 = Release|x86
		{D40E41E1-CCC5-4B3A-B465-41A49B4E598B}.Release|Any CPU.Deploy.0 = Release|x86
		{D40E41E1-CCC5-4B3A-B465-41A49B4E598B}.Release|ARM.ActiveCfg = Release|ARM
		{D40E41E1-CCC5-4B3A-B465-41A49B4E598B}.Release|ARM.Build.0 = Release|ARM
		{D40E41E1-CCC5-4B3A-B465-41A49B4E598B}.Release|ARM.Deploy.0 = Release|ARM
		{D40E41E1-CCC5-4B3A-B465-41A49B4E598B}.Release|iPhone.ActiveCfg = Release|x86
		{D40E41E1-CCC5-4B3A-B465-41A49B4E598B}.Release|iPhone.Build.0 = Release|x86
		{D40E41E1-CCC5-4B3A-B465-41A49B4E598B}.Release|iPhone.Deploy.0 = Release|x86
		{D40E41E1-CCC5-4B3A-B465-41A49B4E598B}.Release|iPhoneSimulator.ActiveCfg = Release|x86
		{D40E41E1-CCC5-4B3A-B465-41A49B4E598B}.Release|iPhoneSimulator.Build.0 = Release|x86
		{D40E41E1-CCC5-4B3A-B465-41A49B4E598B}.Release|iPhoneSimulator.Deploy.0 = Release|x86
		{D40E41E1-CCC5-4B3A-B465-41A49B4E598B}.Release|x64.ActiveCfg = Release|x64
		{D40E41E1-CCC5-4B3A-B465-41A49B4E598B}.Release|x64.Build.0 = Release|x64
		{D40E41E1-CCC5-4B3A-B465-41A49B4E598B}.Release|x64.Deploy.0 = Release|x64
		{D40E41E1-CCC5-4B3A-B465-41A49B4E598B}.Release|x86.ActiveCfg = Release|x86
		{D40E41E1-CCC5-4B3A-B465-41A49B4E598B}.Release|x86.Build.0 = Release|x86
		{D40E41E1-CCC5-4B3A-B465-41A49B4E598B}.Release|x86.Deploy.0 = Release|x86
		{D03336B8-03B1-42BE-88E0-7BC26E63C369}.Debug|Any CPU.ActiveCfg = Debug|Any CPU
		{D03336B8-03B1-42BE-88E0-7BC26E63C369}.Debug|Any CPU.Build.0 = Debug|Any CPU
		{D03336B8-03B1-42BE-88E0-7BC26E63C369}.Debug|Any CPU.Deploy.0 = Debug|Any CPU
		{D03336B8-03B1-42BE-88E0-7BC26E63C369}.Debug|ARM.ActiveCfg = Debug|Any CPU
		{D03336B8-03B1-42BE-88E0-7BC26E63C369}.Debug|ARM.Build.0 = Debug|Any CPU
		{D03336B8-03B1-42BE-88E0-7BC26E63C369}.Debug|ARM.Deploy.0 = Debug|Any CPU
		{D03336B8-03B1-42BE-88E0-7BC26E63C369}.Debug|iPhone.ActiveCfg = Debug|Any CPU
		{D03336B8-03B1-42BE-88E0-7BC26E63C369}.Debug|iPhone.Build.0 = Debug|Any CPU
		{D03336B8-03B1-42BE-88E0-7BC26E63C369}.Debug|iPhone.Deploy.0 = Debug|Any CPU
		{D03336B8-03B1-42BE-88E0-7BC26E63C369}.Debug|iPhoneSimulator.ActiveCfg = Debug|Any CPU
		{D03336B8-03B1-42BE-88E0-7BC26E63C369}.Debug|iPhoneSimulator.Build.0 = Debug|Any CPU
		{D03336B8-03B1-42BE-88E0-7BC26E63C369}.Debug|iPhoneSimulator.Deploy.0 = Debug|Any CPU
		{D03336B8-03B1-42BE-88E0-7BC26E63C369}.Debug|x64.ActiveCfg = Debug|Any CPU
		{D03336B8-03B1-42BE-88E0-7BC26E63C369}.Debug|x64.Build.0 = Debug|Any CPU
		{D03336B8-03B1-42BE-88E0-7BC26E63C369}.Debug|x64.Deploy.0 = Debug|Any CPU
		{D03336B8-03B1-42BE-88E0-7BC26E63C369}.Debug|x86.ActiveCfg = Debug|Any CPU
		{D03336B8-03B1-42BE-88E0-7BC26E63C369}.Debug|x86.Build.0 = Debug|Any CPU
		{D03336B8-03B1-42BE-88E0-7BC26E63C369}.Debug|x86.Deploy.0 = Debug|Any CPU
		{D03336B8-03B1-42BE-88E0-7BC26E63C369}.Release|Any CPU.ActiveCfg = Release|Any CPU
		{D03336B8-03B1-42BE-88E0-7BC26E63C369}.Release|Any CPU.Build.0 = Release|Any CPU
		{D03336B8-03B1-42BE-88E0-7BC26E63C369}.Release|Any CPU.Deploy.0 = Release|Any CPU
		{D03336B8-03B1-42BE-88E0-7BC26E63C369}.Release|ARM.ActiveCfg = Release|Any CPU
		{D03336B8-03B1-42BE-88E0-7BC26E63C369}.Release|ARM.Build.0 = Release|Any CPU
		{D03336B8-03B1-42BE-88E0-7BC26E63C369}.Release|ARM.Deploy.0 = Release|Any CPU
		{D03336B8-03B1-42BE-88E0-7BC26E63C369}.Release|iPhone.ActiveCfg = Release|Any CPU
		{D03336B8-03B1-42BE-88E0-7BC26E63C369}.Release|iPhone.Build.0 = Release|Any CPU
		{D03336B8-03B1-42BE-88E0-7BC26E63C369}.Release|iPhone.Deploy.0 = Release|Any CPU
		{D03336B8-03B1-42BE-88E0-7BC26E63C369}.Release|iPhoneSimulator.ActiveCfg = Release|Any CPU
		{D03336B8-03B1-42BE-88E0-7BC26E63C369}.Release|iPhoneSimulator.Build.0 = Release|Any CPU
		{D03336B8-03B1-42BE-88E0-7BC26E63C369}.Release|iPhoneSimulator.Deploy.0 = Release|Any CPU
		{D03336B8-03B1-42BE-88E0-7BC26E63C369}.Release|x64.ActiveCfg = Release|Any CPU
		{D03336B8-03B1-42BE-88E0-7BC26E63C369}.Release|x64.Build.0 = Release|Any CPU
		{D03336B8-03B1-42BE-88E0-7BC26E63C369}.Release|x64.Deploy.0 = Release|Any CPU
		{D03336B8-03B1-42BE-88E0-7BC26E63C369}.Release|x86.ActiveCfg = Release|Any CPU
		{D03336B8-03B1-42BE-88E0-7BC26E63C369}.Release|x86.Build.0 = Release|Any CPU
		{D03336B8-03B1-42BE-88E0-7BC26E63C369}.Release|x86.Deploy.0 = Release|Any CPU
		{2C59B351-BF50-498B-B096-E76462D2CF51}.Debug|Any CPU.ActiveCfg = Debug|iPhoneSimulator
		{2C59B351-BF50-498B-B096-E76462D2CF51}.Debug|Any CPU.Build.0 = Debug|iPhoneSimulator
		{2C59B351-BF50-498B-B096-E76462D2CF51}.Debug|Any CPU.Deploy.0 = Debug|iPhoneSimulator
		{2C59B351-BF50-498B-B096-E76462D2CF51}.Debug|ARM.ActiveCfg = Debug|iPhone
		{2C59B351-BF50-498B-B096-E76462D2CF51}.Debug|ARM.Build.0 = Debug|iPhone
		{2C59B351-BF50-498B-B096-E76462D2CF51}.Debug|ARM.Deploy.0 = Debug|iPhone
		{2C59B351-BF50-498B-B096-E76462D2CF51}.Debug|iPhone.ActiveCfg = Debug|iPhone
		{2C59B351-BF50-498B-B096-E76462D2CF51}.Debug|iPhone.Build.0 = Debug|iPhone
		{2C59B351-BF50-498B-B096-E76462D2CF51}.Debug|iPhone.Deploy.0 = Debug|iPhone
		{2C59B351-BF50-498B-B096-E76462D2CF51}.Debug|iPhoneSimulator.ActiveCfg = Debug|iPhoneSimulator
		{2C59B351-BF50-498B-B096-E76462D2CF51}.Debug|iPhoneSimulator.Build.0 = Debug|iPhoneSimulator
		{2C59B351-BF50-498B-B096-E76462D2CF51}.Debug|iPhoneSimulator.Deploy.0 = Debug|iPhoneSimulator
		{2C59B351-BF50-498B-B096-E76462D2CF51}.Debug|x64.ActiveCfg = Debug|iPhoneSimulator
		{2C59B351-BF50-498B-B096-E76462D2CF51}.Debug|x64.Build.0 = Debug|iPhoneSimulator
		{2C59B351-BF50-498B-B096-E76462D2CF51}.Debug|x64.Deploy.0 = Debug|iPhoneSimulator
		{2C59B351-BF50-498B-B096-E76462D2CF51}.Debug|x86.ActiveCfg = Debug|iPhoneSimulator
		{2C59B351-BF50-498B-B096-E76462D2CF51}.Debug|x86.Build.0 = Debug|iPhoneSimulator
		{2C59B351-BF50-498B-B096-E76462D2CF51}.Debug|x86.Deploy.0 = Debug|iPhoneSimulator
		{2C59B351-BF50-498B-B096-E76462D2CF51}.Release|Any CPU.ActiveCfg = Release|iPhoneSimulator
		{2C59B351-BF50-498B-B096-E76462D2CF51}.Release|Any CPU.Build.0 = Release|iPhoneSimulator
		{2C59B351-BF50-498B-B096-E76462D2CF51}.Release|Any CPU.Deploy.0 = Release|iPhoneSimulator
		{2C59B351-BF50-498B-B096-E76462D2CF51}.Release|ARM.ActiveCfg = Release|iPhoneSimulator
		{2C59B351-BF50-498B-B096-E76462D2CF51}.Release|ARM.Build.0 = Release|iPhoneSimulator
		{2C59B351-BF50-498B-B096-E76462D2CF51}.Release|ARM.Deploy.0 = Release|iPhoneSimulator
		{2C59B351-BF50-498B-B096-E76462D2CF51}.Release|iPhone.ActiveCfg = Release|iPhone
		{2C59B351-BF50-498B-B096-E76462D2CF51}.Release|iPhone.Build.0 = Release|iPhone
		{2C59B351-BF50-498B-B096-E76462D2CF51}.Release|iPhone.Deploy.0 = Release|iPhone
		{2C59B351-BF50-498B-B096-E76462D2CF51}.Release|iPhoneSimulator.ActiveCfg = Release|iPhoneSimulator
		{2C59B351-BF50-498B-B096-E76462D2CF51}.Release|iPhoneSimulator.Build.0 = Release|iPhoneSimulator
		{2C59B351-BF50-498B-B096-E76462D2CF51}.Release|iPhoneSimulator.Deploy.0 = Release|iPhoneSimulator
		{2C59B351-BF50-498B-B096-E76462D2CF51}.Release|x64.ActiveCfg = Release|iPhoneSimulator
		{2C59B351-BF50-498B-B096-E76462D2CF51}.Release|x64.Build.0 = Release|iPhoneSimulator
		{2C59B351-BF50-498B-B096-E76462D2CF51}.Release|x64.Deploy.0 = Release|iPhoneSimulator
		{2C59B351-BF50-498B-B096-E76462D2CF51}.Release|x86.ActiveCfg = Release|iPhoneSimulator
		{2C59B351-BF50-498B-B096-E76462D2CF51}.Release|x86.Build.0 = Release|iPhoneSimulator
		{2C59B351-BF50-498B-B096-E76462D2CF51}.Release|x86.Deploy.0 = Release|iPhoneSimulator
		{C580C3AC-B5DA-4211-9A7F-1DA02F5E820D}.Debug|Any CPU.ActiveCfg = Debug|Any CPU
		{C580C3AC-B5DA-4211-9A7F-1DA02F5E820D}.Debug|Any CPU.Build.0 = Debug|Any CPU
		{C580C3AC-B5DA-4211-9A7F-1DA02F5E820D}.Debug|Any CPU.Deploy.0 = Debug|Any CPU
		{C580C3AC-B5DA-4211-9A7F-1DA02F5E820D}.Debug|ARM.ActiveCfg = Debug|Any CPU
		{C580C3AC-B5DA-4211-9A7F-1DA02F5E820D}.Debug|ARM.Build.0 = Debug|Any CPU
		{C580C3AC-B5DA-4211-9A7F-1DA02F5E820D}.Debug|ARM.Deploy.0 = Debug|Any CPU
		{C580C3AC-B5DA-4211-9A7F-1DA02F5E820D}.Debug|iPhone.ActiveCfg = Debug|Any CPU
		{C580C3AC-B5DA-4211-9A7F-1DA02F5E820D}.Debug|iPhone.Build.0 = Debug|Any CPU
		{C580C3AC-B5DA-4211-9A7F-1DA02F5E820D}.Debug|iPhone.Deploy.0 = Debug|Any CPU
		{C580C3AC-B5DA-4211-9A7F-1DA02F5E820D}.Debug|iPhoneSimulator.ActiveCfg = Debug|Any CPU
		{C580C3AC-B5DA-4211-9A7F-1DA02F5E820D}.Debug|iPhoneSimulator.Build.0 = Debug|Any CPU
		{C580C3AC-B5DA-4211-9A7F-1DA02F5E820D}.Debug|iPhoneSimulator.Deploy.0 = Debug|Any CPU
		{C580C3AC-B5DA-4211-9A7F-1DA02F5E820D}.Debug|x64.ActiveCfg = Debug|Any CPU
		{C580C3AC-B5DA-4211-9A7F-1DA02F5E820D}.Debug|x64.Build.0 = Debug|Any CPU
		{C580C3AC-B5DA-4211-9A7F-1DA02F5E820D}.Debug|x64.Deploy.0 = Debug|Any CPU
		{C580C3AC-B5DA-4211-9A7F-1DA02F5E820D}.Debug|x86.ActiveCfg = Debug|Any CPU
		{C580C3AC-B5DA-4211-9A7F-1DA02F5E820D}.Debug|x86.Build.0 = Debug|Any CPU
		{C580C3AC-B5DA-4211-9A7F-1DA02F5E820D}.Debug|x86.Deploy.0 = Debug|Any CPU
		{C580C3AC-B5DA-4211-9A7F-1DA02F5E820D}.Release|Any CPU.ActiveCfg = Release|Any CPU
		{C580C3AC-B5DA-4211-9A7F-1DA02F5E820D}.Release|Any CPU.Build.0 = Release|Any CPU
		{C580C3AC-B5DA-4211-9A7F-1DA02F5E820D}.Release|Any CPU.Deploy.0 = Release|Any CPU
		{C580C3AC-B5DA-4211-9A7F-1DA02F5E820D}.Release|ARM.ActiveCfg = Release|Any CPU
		{C580C3AC-B5DA-4211-9A7F-1DA02F5E820D}.Release|ARM.Build.0 = Release|Any CPU
		{C580C3AC-B5DA-4211-9A7F-1DA02F5E820D}.Release|ARM.Deploy.0 = Release|Any CPU
		{C580C3AC-B5DA-4211-9A7F-1DA02F5E820D}.Release|iPhone.ActiveCfg = Release|Any CPU
		{C580C3AC-B5DA-4211-9A7F-1DA02F5E820D}.Release|iPhone.Build.0 = Release|Any CPU
		{C580C3AC-B5DA-4211-9A7F-1DA02F5E820D}.Release|iPhone.Deploy.0 = Release|Any CPU
		{C580C3AC-B5DA-4211-9A7F-1DA02F5E820D}.Release|iPhoneSimulator.ActiveCfg = Release|Any CPU
		{C580C3AC-B5DA-4211-9A7F-1DA02F5E820D}.Release|iPhoneSimulator.Build.0 = Release|Any CPU
		{C580C3AC-B5DA-4211-9A7F-1DA02F5E820D}.Release|iPhoneSimulator.Deploy.0 = Release|Any CPU
		{C580C3AC-B5DA-4211-9A7F-1DA02F5E820D}.Release|x64.ActiveCfg = Release|Any CPU
		{C580C3AC-B5DA-4211-9A7F-1DA02F5E820D}.Release|x64.Build.0 = Release|Any CPU
		{C580C3AC-B5DA-4211-9A7F-1DA02F5E820D}.Release|x64.Deploy.0 = Release|Any CPU
		{C580C3AC-B5DA-4211-9A7F-1DA02F5E820D}.Release|x86.ActiveCfg = Release|Any CPU
		{C580C3AC-B5DA-4211-9A7F-1DA02F5E820D}.Release|x86.Build.0 = Release|Any CPU
		{C580C3AC-B5DA-4211-9A7F-1DA02F5E820D}.Release|x86.Deploy.0 = Release|Any CPU
	EndGlobalSection
	GlobalSection(SolutionProperties) = preSolution
		HideSolutionNode = FALSE
	EndGlobalSection
	GlobalSection(ExtensibilityGlobals) = postSolution
		SolutionGuid = {D449C2E0-470E-4391-B523-6B7E8EA0A56B}
	EndGlobalSection
EndGlobal
